
Microsoft Visual Studio Solution File, Format Version 12.00
# Visual Studio 15
VisualStudioVersion = 15.0.28307.852
MinimumVisualStudioVersion = 10.0.40219.1
Project("{FAE04EC0-301F-11D3-BF4B-00C04F79EFBC}") = "Chapter3.Android", "Chapter3\Chapter3.Android\Chapter3.Android.csproj", "{A8305261-F3A2-4014-A16D-E46176AA7A49}"
EndProject
Project("{FAE04EC0-301F-11D3-BF4B-00C04F79EFBC}") = "Chapter3.iOS", "Chapter3\Chapter3.iOS\Chapter3.iOS.csproj", "{8FFFFFB1-892B-40CB-B3E9-379F754D76F7}"
EndProject
Project("{FAE04EC0-301F-11D3-BF4B-00C04F79EFBC}") = "Chapter3", "Chapter3\Chapter3\Chapter3.csproj", "{155EFA4D-47E9-4FDB-91E1-9B2362A8D600}"
EndProject
Global
	GlobalSection(SolutionConfigurationPlatforms) = preSolution
		Ad-Hoc|Any CPU = Ad-Hoc|Any CPU
		Ad-Hoc|iPhone = Ad-Hoc|iPhone
		Ad-Hoc|iPhoneSimulator = Ad-Hoc|iPhoneSimulator
		AppStore|Any CPU = AppStore|Any CPU
		AppStore|iPhone = AppStore|iPhone
		AppStore|iPhoneSimulator = AppStore|iPhoneSimulator
		Debug|Any CPU = Debug|Any CPU
		Debug|iPhone = Debug|iPhone
		Debug|iPhoneSimulator = Debug|iPhoneSimulator
		Release|Any CPU = Release|Any CPU
		Release|iPhone = Release|iPhone
		Release|iPhoneSimulator = Release|iPhoneSimulator
	EndGlobalSection
	GlobalSection(ProjectConfigurationPlatforms) = postSolution
		{A8305261-F3A2-4014-A16D-E46176AA7A49}.Ad-Hoc|Any CPU.ActiveCfg = Release|Any CPU
		{A8305261-F3A2-4014-A16D-E46176AA7A49}.Ad-Hoc|Any CPU.Build.0 = Release|Any CPU
		{A8305261-F3A2-4014-A16D-E46176AA7A49}.Ad-Hoc|Any CPU.Deploy.0 = Release|Any CPU
		{A8305261-F3A2-4014-A16D-E46176AA7A49}.Ad-Hoc|iPhone.ActiveCfg = Release|Any CPU
		{A8305261-F3A2-4014-A16D-E46176AA7A49}.Ad-Hoc|iPhone.Build.0 = Release|Any CPU
		{A8305261-F3A2-4014-A16D-E46176AA7A49}.Ad-Hoc|iPhone.Deploy.0 = Release|Any CPU
		{A8305261-F3A2-4014-A16D-E46176AA7A49}.Ad-Hoc|iPhoneSimulator.ActiveCfg = Release|Any CPU
		{A8305261-F3A2-4014-A16D-E46176AA7A49}.Ad-Hoc|iPhoneSimulator.Build.0 = Release|Any CPU
		{A8305261-F3A2-4014-A16D-E46176AA7A49}.Ad-Hoc|iPhoneSimulator.Deploy.0 = Release|Any CPU
		{A8305261-F3A2-4014-A16D-E46176AA7A49}.AppStore|Any CPU.ActiveCfg = Release|Any CPU
		{A8305261-F3A2-4014-A16D-E46176AA7A49}.AppStore|Any CPU.Build.0 = Release|Any CPU
		{A8305261-F3A2-4014-A16D-E46176AA7A49}.AppStore|Any CPU.Deploy.0 = Release|Any CPU
		{A8305261-F3A2-4014-A16D-E46176AA7A49}.AppStore|iPhone.ActiveCfg = Release|Any CPU
		{A8305261-F3A2-4014-A16D-E46176AA7A49}.AppStore|iPhone.Build.0 = Release|Any CPU
		{A8305261-F3A2-4014-A16D-E46176AA7A49}.AppStore|iPhone.Deploy.0 = Release|Any CPU
		{A8305261-F3A2-4014-A16D-E46176AA7A49}.AppStore|iPhoneSimulator.ActiveCfg = Release|Any CPU
		{A8305261-F3A2-4014-A16D-E46176AA7A49}.AppStore|iPhoneSimulator.Build.0 = Release|Any CPU
		{A8305261-F3A2-4014-A16D-E46176AA7A49}.AppStore|iPhoneSimulator.Deploy.0 = Release|Any CPU
		{A8305261-F3A2-4014-A16D-E46176AA7A49}.Debug|Any CPU.ActiveCfg = Debug|Any CPU
		{A8305261-F3A2-4014-A16D-E46176AA7A49}.Debug|Any CPU.Build.0 = Debug|Any CPU
		{A8305261-F3A2-4014-A16D-E46176AA7A49}.Debug|Any CPU.Deploy.0 = Debug|Any CPU
		{A8305261-F3A2-4014-A16D-E46176AA7A49}.Debug|iPhone.ActiveCfg = Debug|Any CPU
		{A8305261-F3A2-4014-A16D-E46176AA7A49}.Debug|iPhone.Build.0 = Debug|Any CPU
		{A8305261-F3A2-4014-A16D-E46176AA7A49}.Debug|iPhone.Deploy.0 = Debug|Any CPU
		{A8305261-F3A2-4014-A16D-E46176AA7A49}.Debug|iPhoneSimulator.ActiveCfg = Debug|Any CPU
		{A8305261-F3A2-4014-A16D-E46176AA7A49}.Debug|iPhoneSimulator.Build.0 = Debug|Any CPU
		{A8305261-F3A2-4014-A16D-E46176AA7A49}.Debug|iPhoneSimulator.Deploy.0 = Debug|Any CPU
		{A8305261-F3A2-4014-A16D-E46176AA7A49}.Release|Any CPU.ActiveCfg = Release|Any CPU
		{A8305261-F3A2-4014-A16D-E46176AA7A49}.Release|Any CPU.Build.0 = Release|Any CPU
		{A8305261-F3A2-4014-A16D-E46176AA7A49}.Release|Any CPU.Deploy.0 = Release|Any CPU
		{A8305261-F3A2-4014-A16D-E46176AA7A49}.Release|iPhone.ActiveCfg = Release|Any CPU
		{A8305261-F3A2-4014-A16D-E46176AA7A49}.Release|iPhone.Build.0 = Release|Any CPU
		{A8305261-F3A2-4014-A16D-E46176AA7A49}.Release|iPhone.Deploy.0 = Release|Any CPU
		{A8305261-F3A2-4014-A16D-E46176AA7A49}.Release|iPhoneSimulator.ActiveCfg = Release|Any CPU
		{A8305261-F3A2-4014-A16D-E46176AA7A49}.Release|iPhoneSimulator.Build.0 = Release|Any CPU
		{A8305261-F3A2-4014-A16D-E46176AA7A49}.Release|iPhoneSimulator.Deploy.0 = Release|Any CPU
		{8FFFFFB1-892B-40CB-B3E9-379F754D76F7}.Ad-Hoc|Any CPU.ActiveCfg = Ad-Hoc|iPhone
		{8FFFFFB1-892B-40CB-B3E9-379F754D76F7}.Ad-Hoc|Any CPU.Build.0 = Ad-Hoc|iPhone
		{8FFFFFB1-892B-40CB-B3E9-379F754D76F7}.Ad-Hoc|Any CPU.Deploy.0 = Ad-Hoc|iPhone
		{8FFFFFB1-892B-40CB-B3E9-379F754D76F7}.Ad-Hoc|iPhone.ActiveCfg = Ad-Hoc|iPhone
		{8FFFFFB1-892B-40CB-B3E9-379F754D76F7}.Ad-Hoc|iPhone.Build.0 = Ad-Hoc|iPhone
		{8FFFFFB1-892B-40CB-B3E9-379F754D76F7}.Ad-Hoc|iPhone.Deploy.0 = Ad-Hoc|iPhone
		{8FFFFFB1-892B-40CB-B3E9-379F754D76F7}.Ad-Hoc|iPhoneSimulator.ActiveCfg = Ad-Hoc|iPhoneSimulator
		{8FFFFFB1-892B-40CB-B3E9-379F754D76F7}.Ad-Hoc|iPhoneSimulator.Build.0 = Ad-Hoc|iPhoneSimulator
		{8FFFFFB1-892B-40CB-B3E9-379F754D76F7}.Ad-Hoc|iPhoneSimulator.Deploy.0 = Ad-Hoc|iPhoneSimulator
		{8FFFFFB1-892B-40CB-B3E9-379F754D76F7}.AppStore|Any CPU.ActiveCfg = AppStore|iPhone
		{8FFFFFB1-892B-40CB-B3E9-379F754D76F7}.AppStore|Any CPU.Build.0 = AppStore|iPhone
		{8FFFFFB1-892B-40CB-B3E9-379F754D76F7}.AppStore|Any CPU.Deploy.0 = AppStore|iPhone
		{8FFFFFB1-892B-40CB-B3E9-379F754D76F7}.AppStore|iPhone.ActiveCfg = AppStore|iPhone
		{8FFFFFB1-892B-40CB-B3E9-379F754D76F7}.AppStore|iPhone.Build.0 = AppStore|iPhone
		{8FFFFFB1-892B-40CB-B3E9-379F754D76F7}.AppStore|iPhone.Deploy.0 = AppStore|iPhone
		{8FFFFFB1-892B-40CB-B3E9-379F754D76F7}.AppStore|iPhoneSimulator.ActiveCfg = AppStore|iPhoneSimulator
		{8FFFFFB1-892B-40CB-B3E9-379F754D76F7}.AppStore|iPhoneSimulator.Build.0 = AppStore|iPhoneSimulator
		{8FFFFFB1-892B-40CB-B3E9-379F754D76F7}.AppStore|iPhoneSimulator.Deploy.0 = AppStore|iPhoneSimulator
		{8FFFFFB1-892B-40CB-B3E9-379F754D76F7}.Debug|Any CPU.ActiveCfg = Debug|iPhoneSimulator
		{8FFFFFB1-892B-40CB-B3E9-379F754D76F7}.Debug|Any CPU.Build.0 = Debug|iPhoneSimulator
		{8FFFFFB1-892B-40CB-B3E9-379F754D76F7}.Debug|Any CPU.Deploy.0 = Debug|iPhoneSimulator
		{8FFFFFB1-892B-40CB-B3E9-379F754D76F7}.Debug|iPhone.ActiveCfg = Debug|iPhone
		{8FFFFFB1-892B-40CB-B3E9-379F754D76F7}.Debug|iPhone.Build.0 = Debug|iPhone
		{8FFFFFB1-892B-40CB-B3E9-379F754D76F7}.Debug|iPhone.Deploy.0 = Debug|iPhone
		{8FFFFFB1-892B-40CB-B3E9-379F754D76F7}.Debug|iPhoneSimulator.ActiveCfg = Debug|iPhoneSimulator
		{8FFFFFB1-892B-40CB-B3E9-379F754D76F7}.Debug|iPhoneSimulator.Build.0 = Debug|iPhoneSimulator
		{8FFFFFB1-892B-40CB-B3E9-379F754D76F7}.Debug|iPhoneSimulator.Deploy.0 = Debug|iPhoneSimulator
		{8FFFFFB1-892B-40CB-B3E9-379F754D76F7}.Release|Any CPU.ActiveCfg = Release|iPhone
		{8FFFFFB1-892B-40CB-B3E9-379F754D76F7}.Release|Any CPU.Build.0 = Release|iPhone
		{8FFFFFB1-892B-40CB-B3E9-379F754D76F7}.Release|Any CPU.Deploy.0 = Release|iPhone
		{8FFFFFB1-892B-40CB-B3E9-379F754D76F7}.Release|iPhone.ActiveCfg = Release|iPhone
		{8FFFFFB1-892B-40CB-B3E9-379F754D76F7}.Release|iPhone.Build.0 = Release|iPhone
		{8FFFFFB1-892B-40CB-B3E9-379F754D76F7}.Release|iPhone.Deploy.0 = Release|iPhone
		{8FFFFFB1-892B-40CB-B3E9-379F754D76F7}.Release|iPhoneSimulator.ActiveCfg = Release|iPhoneSimulator
		{8FFFFFB1-892B-40CB-B3E9-379F754D76F7}.Release|iPhoneSimulator.Build.0 = Release|iPhoneSimulator
		{8FFFFFB1-892B-40CB-B3E9-379F754D76F7}.Release|iPhoneSimulator.Deploy.0 = Release|iPhoneSimulator
		{155EFA4D-47E9-4FDB-91E1-9B2362A8D600}.Ad-Hoc|Any CPU.ActiveCfg = Debug|Any CPU
		{155EFA4D-47E9-4FDB-91E1-9B2362A8D600}.Ad-Hoc|Any CPU.Build.0 = Debug|Any CPU
		{155EFA4D-47E9-4FDB-91E1-9B2362A8D600}.Ad-Hoc|Any CPU.Deploy.0 = Debug|Any CPU
		{155EFA4D-47E9-4FDB-91E1-9B2362A8D600}.Ad-Hoc|iPhone.ActiveCfg = Debug|Any CPU
		{155EFA4D-47E9-4FDB-91E1-9B2362A8D600}.Ad-Hoc|iPhone.Build.0 = Debug|Any CPU
		{155EFA4D-47E9-4FDB-91E1-9B2362A8D600}.Ad-Hoc|iPhone.Deploy.0 = Debug|Any CPU
		{155EFA4D-47E9-4FDB-91E1-9B2362A8D600}.Ad-Hoc|iPhoneSimulator.ActiveCfg = Debug|Any CPU
		{155EFA4D-47E9-4FDB-91E1-9B2362A8D600}.Ad-Hoc|iPhoneSimulator.Build.0 = Debug|Any CPU
		{155EFA4D-47E9-4FDB-91E1-9B2362A8D600}.Ad-Hoc|iPhoneSimulator.Deploy.0 = Debug|Any CPU
		{155EFA4D-47E9-4FDB-91E1-9B2362A8D600}.AppStore|Any CPU.ActiveCfg = Debug|Any CPU
		{155EFA4D-47E9-4FDB-91E1-9B2362A8D600}.AppStore|Any CPU.Build.0 = Debug|Any CPU
		{155EFA4D-47E9-4FDB-91E1-9B2362A8D600}.AppStore|Any CPU.Deploy.0 = Debug|Any CPU
		{155EFA4D-47E9-4FDB-91E1-9B2362A8D600}.AppStore|iPhone.ActiveCfg = Debug|Any CPU
		{155EFA4D-47E9-4FDB-91E1-9B2362A8D600}.AppStore|iPhone.Build.0 = Debug|Any CPU
		{155EFA4D-47E9-4FDB-91E1-9B2362A8D600}.AppStore|iPhone.Deploy.0 = Debug|Any CPU
		{155EFA4D-47E9-4FDB-91E1-9B2362A8D600}.AppStore|iPhoneSimulator.ActiveCfg = Debug|Any CPU
		{155EFA4D-47E9-4FDB-91E1-9B2362A8D600}.AppStore|iPhoneSimulator.Build.0 = Debug|Any CPU
		{155EFA4D-47E9-4FDB-91E1-9B2362A8D600}.AppStore|iPhoneSimulator.Deploy.0 = Debug|Any CPU
		{155EFA4D-47E9-4FDB-91E1-9B2362A8D600}.Debug|Any CPU.ActiveCfg = Debug|Any CPU
		{155EFA4D-47E9-4FDB-91E1-9B2362A8D600}.Debug|Any CPU.Build.0 = Debug|Any CPU
		{155EFA4D-47E9-4FDB-91E1-9B2362A8D600}.Debug|Any CPU.Deploy.0 = Debug|Any CPU
		{155EFA4D-47E9-4FDB-91E1-9B2362A8D600}.Debug|iPhone.ActiveCfg = Debug|Any CPU
		{155EFA4D-47E9-4FDB-91E1-9B2362A8D600}.Debug|iPhone.Build.0 = Debug|Any CPU
		{155EFA4D-47E9-4FDB-91E1-9B2362A8D600}.Debug|iPhone.Deploy.0 = Debug|Any CPU
		{155EFA4D-47E9-4FDB-91E1-9B2362A8D600}.Debug|iPhoneSimulator.ActiveCfg = Debug|Any CPU
		{155EFA4D-47E9-4FDB-91E1-9B2362A8D600}.Debug|iPhoneSimulator.Build.0 = Debug|Any CPU
		{155EFA4D-47E9-4FDB-91E1-9B2362A8D600}.Debug|iPhoneSimulator.Deploy.0 = Debug|Any CPU
		{155EFA4D-47E9-4FDB-91E1-9B2362A8D600}.Release|Any CPU.ActiveCfg = Release|Any CPU
		{155EFA4D-47E9-4FDB-91E1-9B2362A8D600}.Release|Any CPU.Build.0 = Release|Any CPU
		{155EFA4D-47E9-4FDB-91E1-9B2362A8D600}.Release|Any CPU.Deploy.0 = Release|Any CPU
		{155EFA4D-47E9-4FDB-91E1-9B2362A8D600}.Release|iPhone.ActiveCfg = Release|Any CPU
		{155EFA4D-47E9-4FDB-91E1-9B2362A8D600}.Release|iPhone.Build.0 = Release|Any CPU
		{155EFA4D-47E9-4FDB-91E1-9B2362A8D600}.Release|iPhone.Deploy.0 = Release|Any CPU
		{155EFA4D-47E9-4FDB-91E1-9B2362A8D600}.Release|iPhoneSimulator.ActiveCfg = Release|Any CPU
		{155EFA4D-47E9-4FDB-91E1-9B2362A8D600}.Release|iPhoneSimulator.Build.0 = Release|Any CPU
		{155EFA4D-47E9-4FDB-91E1-9B2362A8D600}.Release|iPhoneSimulator.Deploy.0 = Release|Any CPU
	EndGlobalSection
	GlobalSection(SolutionProperties) = preSolution
		HideSolutionNode = FALSE
	EndGlobalSection
	GlobalSection(ExtensibilityGlobals) = postSolution
		SolutionGuid = {45E8BA7C-AB18-436F-A797-083CAA22A250}
	EndGlobalSection
EndGlobal
